// !$*UTF8*$!
{
	archiveVersion = 1;
	classes = {
	};
	objectVersion = 46;
	objects = {

/* Begin PBXBuildFile section */
		844AD1981C27929400CFAD59 /* MainWindowController.xib in Resources */ = {isa = PBXBuildFile; fileRef = 844AD1971C27929400CFAD59 /* MainWindowController.xib */; };
		844AD19B1C2792C600CFAD59 /* MainWindowController.m in Sources */ = {isa = PBXBuildFile; fileRef = 844AD19A1C2792C600CFAD59 /* MainWindowController.m */; };
		84E53E351C2409780012A435 /* AppKit.framework in Frameworks */ = {isa = PBXBuildFile; fileRef = 84E53E341C2409780012A435 /* AppKit.framework */; };
		84E53E371C2409780012A435 /* Foundation.framework in Frameworks */ = {isa = PBXBuildFile; fileRef = 84E53E361C2409780012A435 /* Foundation.framework */; };
		84E53E3B1C2409780012A435 /* Time1970Convertor.xcscheme in Resources */ = {isa = PBXBuildFile; fileRef = 84E53E3A1C2409780012A435 /* Time1970Convertor.xcscheme */; };
		84E53E3E1C2409780012A435 /* Time1970Convertor.m in Sources */ = {isa = PBXBuildFile; fileRef = 84E53E3D1C2409780012A435 /* Time1970Convertor.m */; };
		84E53E411C2409780012A435 /* NSObject_Extension.m in Sources */ = {isa = PBXBuildFile; fileRef = 84E53E401C2409780012A435 /* NSObject_Extension.m */; };
/* End PBXBuildFile section */

/* Begin PBXFileReference section */
		844AD1971C27929400CFAD59 /* MainWindowController.xib */ = {isa = PBXFileReference; fileEncoding = 4; lastKnownFileType = file.xib; path = MainWindowController.xib; sourceTree = "<group>"; };
		844AD1991C2792C600CFAD59 /* MainWindowController.h */ = {isa = PBXFileReference; fileEncoding = 4; lastKnownFileType = sourcecode.c.h; path = MainWindowController.h; sourceTree = "<group>"; };
		844AD19A1C2792C600CFAD59 /* MainWindowController.m */ = {isa = PBXFileReference; fileEncoding = 4; lastKnownFileType = sourcecode.c.objc; path = MainWindowController.m; sourceTree = "<group>"; };
		84E53E311C2409780012A435 /* Time1970Convertor.xcplugin */ = {isa = PBXFileReference; explicitFileType = wrapper.cfbundle; includeInIndex = 0; path = Time1970Convertor.xcplugin; sourceTree = BUILT_PRODUCTS_DIR; };
		84E53E341C2409780012A435 /* AppKit.framework */ = {isa = PBXFileReference; lastKnownFileType = wrapper.framework; name = AppKit.framework; path = /System/Library/Frameworks/AppKit.framework; sourceTree = "<absolute>"; };
		84E53E361C2409780012A435 /* Foundation.framework */ = {isa = PBXFileReference; lastKnownFileType = wrapper.framework; name = Foundation.framework; path = /System/Library/Frameworks/Foundation.framework; sourceTree = "<absolute>"; };
		84E53E3A1C2409780012A435 /* Time1970Convertor.xcscheme */ = {isa = PBXFileReference; lastKnownFileType = text.xml; name = Time1970Convertor.xcscheme; path = Time1970Convertor.xcodeproj/xcshareddata/xcschemes/Time1970Convertor.xcscheme; sourceTree = SOURCE_ROOT; };
		84E53E3C1C2409780012A435 /* Time1970Convertor.h */ = {isa = PBXFileReference; lastKnownFileType = sourcecode.c.h; path = Time1970Convertor.h; sourceTree = "<group>"; };
		84E53E3D1C2409780012A435 /* Time1970Convertor.m */ = {isa = PBXFileReference; lastKnownFileType = sourcecode.c.objc; path = Time1970Convertor.m; sourceTree = "<group>"; };
		84E53E3F1C2409780012A435 /* NSObject_Extension.h */ = {isa = PBXFileReference; lastKnownFileType = sourcecode.c.h; path = NSObject_Extension.h; sourceTree = "<group>"; };
		84E53E401C2409780012A435 /* NSObject_Extension.m */ = {isa = PBXFileReference; lastKnownFileType = sourcecode.c.objc; path = NSObject_Extension.m; sourceTree = "<group>"; };
		84E53E421C2409780012A435 /* Info.plist */ = {isa = PBXFileReference; lastKnownFileType = text.plist.xml; path = Info.plist; sourceTree = "<group>"; };
/* End PBXFileReference section */

/* Begin PBXFrameworksBuildPhase section */
		84E53E2F1C2409780012A435 /* Frameworks */ = {
			isa = PBXFrameworksBuildPhase;
			buildActionMask = 2147483647;
			files = (
				84E53E351C2409780012A435 /* AppKit.framework in Frameworks */,
				84E53E371C2409780012A435 /* Foundation.framework in Frameworks */,
			);
			runOnlyForDeploymentPostprocessing = 0;
		};
/* End PBXFrameworksBuildPhase section */

/* Begin PBXGroup section */
		84E53E281C2409780012A435 = {
			isa = PBXGroup;
			children = (
				84E53E381C2409780012A435 /* Time1970Convertor */,
				84E53E331C2409780012A435 /* Frameworks */,
				84E53E321C2409780012A435 /* Products */,
			);
			sourceTree = "<group>";
		};
		84E53E321C2409780012A435 /* Products */ = {
			isa = PBXGroup;
			children = (
				84E53E311C2409780012A435 /* Time1970Convertor.xcplugin */,
			);
			name = Products;
			sourceTree = "<group>";
		};
		84E53E331C2409780012A435 /* Frameworks */ = {
			isa = PBXGroup;
			children = (
				84E53E341C2409780012A435 /* AppKit.framework */,
				84E53E361C2409780012A435 /* Foundation.framework */,
			);
			name = Frameworks;
			sourceTree = "<group>";
		};
		84E53E381C2409780012A435 /* Time1970Convertor */ = {
			isa = PBXGroup;
			children = (
				84E53E3C1C2409780012A435 /* Time1970Convertor.h */,
				84E53E3D1C2409780012A435 /* Time1970Convertor.m */,
				84E53E3F1C2409780012A435 /* NSObject_Extension.h */,
				84E53E401C2409780012A435 /* NSObject_Extension.m */,
				84E53E421C2409780012A435 /* Info.plist */,
				84E53E391C2409780012A435 /* Supporting Files */,
				844AD1971C27929400CFAD59 /* MainWindowController.xib */,
				844AD1991C2792C600CFAD59 /* MainWindowController.h */,
				844AD19A1C2792C600CFAD59 /* MainWindowController.m */,
			);
			path = Time1970Convertor;
			sourceTree = "<group>";
		};
		84E53E391C2409780012A435 /* Supporting Files */ = {
			isa = PBXGroup;
			children = (
				84E53E3A1C2409780012A435 /* Time1970Convertor.xcscheme */,
			);
			name = "Supporting Files";
			sourceTree = "<group>";
		};
/* End PBXGroup section */

/* Begin PBXNativeTarget section */
		84E53E301C2409780012A435 /* Time1970Convertor */ = {
			isa = PBXNativeTarget;
			buildConfigurationList = 84E53E451C2409780012A435 /* Build configuration list for PBXNativeTarget "Time1970Convertor" */;
			buildPhases = (
				84E53E2D1C2409780012A435 /* Sources */,
				84E53E2E1C2409780012A435 /* Resources */,
				84E53E2F1C2409780012A435 /* Frameworks */,
			);
			buildRules = (
			);
			dependencies = (
			);
			name = Time1970Convertor;
			productName = Time1970Convertor;
			productReference = 84E53E311C2409780012A435 /* Time1970Convertor.xcplugin */;
			productType = "com.apple.product-type.bundle";
		};
/* End PBXNativeTarget section */

/* Begin PBXProject section */
		84E53E291C2409780012A435 /* Project object */ = {
			isa = PBXProject;
			attributes = {
				LastUpgradeCheck = 0720;
				ORGANIZATIONNAME = "George She";
				TargetAttributes = {
					84E53E301C2409780012A435 = {
						CreatedOnToolsVersion = 7.2;
					};
				};
			};
			buildConfigurationList = 84E53E2C1C2409780012A435 /* Build configuration list for PBXProject "Time1970Convertor" */;
			compatibilityVersion = "Xcode 3.2";
			developmentRegion = English;
			hasScannedForEncodings = 0;
			knownRegions = (
				en,
			);
			mainGroup = 84E53E281C2409780012A435;
			productRefGroup = 84E53E321C2409780012A435 /* Products */;
			projectDirPath = "";
			projectRoot = "";
			targets = (
				84E53E301C2409780012A435 /* Time1970Convertor */,
			);
		};
/* End PBXProject section */

/* Begin PBXResourcesBuildPhase section */
		84E53E2E1C2409780012A435 /* Resources */ = {
			isa = PBXResourcesBuildPhase;
			buildActionMask = 2147483647;
			files = (
				844AD1981C27929400CFAD59 /* MainWindowController.xib in Resources */,
				84E53E3B1C2409780012A435 /* Time1970Convertor.xcscheme in Resources */,
			);
			runOnlyForDeploymentPostprocessing = 0;
		};
/* End PBXResourcesBuildPhase section */

/* Begin PBXSourcesBuildPhase section */
		84E53E2D1C2409780012A435 /* Sources */ = {
			isa = PBXSourcesBuildPhase;
			buildActionMask = 2147483647;
			files = (
				844AD19B1C2792C600CFAD59 /* MainWindowController.m in Sources */,
				84E53E3E1C2409780012A435 /* Time1970Convertor.m in Sources */,
				84E53E411C2409780012A435 /* NSObject_Extension.m in Sources */,
			);
			runOnlyForDeploymentPostprocessing = 0;
		};
/* End PBXSourcesBuildPhase section */

/* Begin XCBuildConfiguration section */
		84E53E431C2409780012A435 /* Debug */ = {
			isa = XCBuildConfiguration;
			buildSettings = {
				ALWAYS_SEARCH_USER_PATHS = NO;
				CLANG_CXX_LANGUAGE_STANDARD = "gnu++0x";
				CLANG_CXX_LIBRARY = "libc++";
				CLANG_ENABLE_MODULES = YES;
				CLANG_ENABLE_OBJC_ARC = YES;
				CLANG_WARN_BOOL_CONVERSION = YES;
				CLANG_WARN_CONSTANT_CONVERSION = YES;
				CLANG_WARN_DIRECT_OBJC_ISA_USAGE = YES_ERROR;
				CLANG_WARN_EMPTY_BODY = YES;
				CLANG_WARN_ENUM_CONVERSION = YES;
				CLANG_WARN_INT_CONVERSION = YES;
				CLANG_WARN_OBJC_ROOT_CLASS = YES_ERROR;
				CLANG_WARN_UNREACHABLE_CODE = YES;
				CLANG_WARN__DUPLICATE_METHOD_MATCH = YES;
				COPY_PHASE_STRIP = NO;
				DEBUG_INFORMATION_FORMAT = dwarf;
				ENABLE_STRICT_OBJC_MSGSEND = YES;
				ENABLE_TESTABILITY = YES;
				GCC_C_LANGUAGE_STANDARD = gnu99;
				GCC_DYNAMIC_NO_PIC = NO;
				GCC_NO_COMMON_BLOCKS = YES;
				GCC_OPTIMIZATION_LEVEL = 0;
				GCC_PREPROCESSOR_DEFINITIONS = (
					"DEBUG=1",
					"$(inherited)",
				);
				GCC_WARN_64_TO_32_BIT_CONVERSION = YES;
				GCC_WARN_ABOUT_RETURN_TYPE = YES_ERROR;
				GCC_WARN_UNDECLARED_SELECTOR = YES;
				GCC_WARN_UNINITIALIZED_AUTOS = YES_AGGRESSIVE;
				GCC_WARN_UNUSED_FUNCTION = YES;
				GCC_WARN_UNUSED_VARIABLE = YES;
				MTL_ENABLE_DEBUG_INFO = YES;
				ONLY_ACTIVE_ARCH = YES;
			};
			name = Debug;
		};
		84E53E441C2409780012A435 /* Release */ = {
			isa = XCBuildConfiguration;
			buildSettings = {
				ALWAYS_SEARCH_USER_PATHS = NO;
				CLANG_CXX_LANGUAGE_STANDARD = "gnu++0x";
				CLANG_CXX_LIBRARY = "libc++";
				CLANG_ENABLE_MODULES = YES;
				CLANG_ENABLE_OBJC_ARC = YES;
				CLANG_WARN_BOOL_CONVERSION = YES;
				CLANG_WARN_CONSTANT_CONVERSION = YES;
				CLANG_WARN_DIRECT_OBJC_ISA_USAGE = YES_ERROR;
				CLANG_WARN_EMPTY_BODY = YES;
				CLANG_WARN_ENUM_CONVERSION = YES;
				CLANG_WARN_INT_CONVERSION = YES;
				CLANG_WARN_OBJC_ROOT_CLASS = YES_ERROR;
				CLANG_WARN_UNREACHABLE_CODE = YES;
				CLANG_WARN__DUPLICATE_METHOD_MATCH = YES;
				COPY_PHASE_STRIP = NO;
				DEBUG_INFORMATION_FORMAT = "dwarf-with-dsym";
				ENABLE_NS_ASSERTIONS = NO;
				ENABLE_STRICT_OBJC_MSGSEND = YES;
				GCC_C_LANGUAGE_STANDARD = gnu99;
				GCC_NO_COMMON_BLOCKS = YES;
				GCC_WARN_64_TO_32_BIT_CONVERSION = YES;
				GCC_WARN_ABOUT_RETURN_TYPE = YES_ERROR;
				GCC_WARN_UNDECLARED_SELECTOR = YES;
				GCC_WARN_UNINITIALIZED_AUTOS = YES_AGGRESSIVE;
				GCC_WARN_UNUSED_FUNCTION = YES;
				GCC_WARN_UNUSED_VARIABLE = YES;
				MTL_ENABLE_DEBUG_INFO = NO;
			};
			name = Release;
		};
		84E53E461C2409780012A435 /* Debug */ = {
			isa = XCBuildConfiguration;
			buildSettings = {
				COMBINE_HIDPI_IMAGES = YES;
				DEPLOYMENT_LOCATION = YES;
				DSTROOT = "$(HOME)";
				INFOPLIST_FILE = Time1970Convertor/Info.plist;
				INSTALL_PATH = "/Library/Application Support/Developer/Shared/Xcode/Plug-ins";
				MACOSX_DEPLOYMENT_TARGET = 10.11;
				PRODUCT_BUNDLE_IDENTIFIER = com.gshe.plugin.Time1970Convertor;
				PRODUCT_NAME = "$(TARGET_NAME)";
				WRAPPER_EXTENSION = xcplugin;
			};
			name = Debug;
		};
		84E53E471C2409780012A435 /* Release */ = {
			isa = XCBuildConfiguration;
			buildSettings = {
				COMBINE_HIDPI_IMAGES = YES;
				DEPLOYMENT_LOCATION = YES;
				DSTROOT = "$(HOME)";
				INFOPLIST_FILE = Time1970Convertor/Info.plist;
				INSTALL_PATH = "/Library/Application Support/Developer/Shared/Xcode/Plug-ins";
				MACOSX_DEPLOYMENT_TARGET = 10.11;
				PRODUCT_BUNDLE_IDENTIFIER = com.gshe.plugin.Time1970Convertor;
				PRODUCT_NAME = "$(TARGET_NAME)";
				WRAPPER_EXTENSION = xcplugin;
			};
			name = Release;
		};
/* End XCBuildConfiguration section */

/* Begin XCConfigurationList section */
		84E53E2C1C2409780012A435 /* Build configuration list for PBXProject "Time1970Convertor" */ = {
			isa = XCConfigurationList;
			buildConfigurations = (
				84E53E431C2409780012A435 /* Debug */,
				84E53E441C2409780012A435 /* Release */,
			);
			defaultConfigurationIsVisible = 0;
			defaultConfigurationName = Release;
		};
		84E53E451C2409780012A435 /* Build configuration list for PBXNativeTarget "Time1970Convertor" */ = {
			isa = XCConfigurationList;
			buildConfigurations = (
				84E53E461C2409780012A435 /* Debug */,
				84E53E471C2409780012A435 /* Release */,
			);
			defaultConfigurationIsVisible = 0;
			defaultConfigurationName = Release;
		};
/* End XCConfigurationList section */
	};
	rootObject = 84E53E291C2409780012A435 /* Project object */;
}
